
Microsoft Visual Studio Solution File, Format Version 12.00
# Visual Studio Version 17
VisualStudioVersion = 17.12.35506.116
MinimumVisualStudioVersion = 10.0.40219.1
Project("{FAE04EC0-301F-11D3-BF4B-00C04F79EFBC}") = "ScratchPad", "ScratchPad\ScratchPad.csproj", "{FDA029EF-59C4-46A9-B05A-D95B4B3B6510}"
EndProject
Project("{FAE04EC0-301F-11D3-BF4B-00C04F79EFBC}") = "AoCToolbox", "AoCToolbox\AoCToolbox.csproj", "{BEC2D39F-5A61-440A-B2C4-765CA21AF871}"
EndProject
Project("{FAE04EC0-301F-11D3-BF4B-00C04F79EFBC}") = "Day1", "Day1\Day1.csproj", "{DCC0AF9E-69B9-48C2-BBE0-1FD7D3B4F996}"
EndProject
Project("{FAE04EC0-301F-11D3-BF4B-00C04F79EFBC}") = "Day2", "Day2\Day2.csproj", "{A3E1742F-745A-4A3C-8AB2-A3D55C161B58}"
EndProject
Project("{FAE04EC0-301F-11D3-BF4B-00C04F79EFBC}") = "Day3", "Day3\Day3.csproj", "{2349810B-C231-4A41-8F1F-B1FA7D271376}"
EndProject
Project("{FAE04EC0-301F-11D3-BF4B-00C04F79EFBC}") = "Day4", "Day4\Day4.csproj", "{20779C05-B3D5-4ACF-A0E2-DA81A260078E}"
EndProject
Project("{FAE04EC0-301F-11D3-BF4B-00C04F79EFBC}") = "Day5", "Day5\Day5.csproj", "{EAEE4C2D-BF65-4AB2-9866-8C67DDAD5090}"
EndProject
Project("{FAE04EC0-301F-11D3-BF4B-00C04F79EFBC}") = "AOCToolBoxTests", "AOCToolBoxTests\AOCToolBoxTests.csproj", "{257FDA4A-72CF-4756-B35A-90991E249269}"
EndProject
Project("{FAE04EC0-301F-11D3-BF4B-00C04F79EFBC}") = "Day6", "Day6\Day6.csproj", "{F7FD2483-4F49-4136-B040-CF381FB42BD4}"
EndProject
Project("{FAE04EC0-301F-11D3-BF4B-00C04F79EFBC}") = "Day7", "Day7\Day7.csproj", "{81D79E31-762F-4D41-A80D-FF26BBC743EE}"
EndProject
Project("{FAE04EC0-301F-11D3-BF4B-00C04F79EFBC}") = "Day8", "Day8\Day8.csproj", "{CD6B28CC-F7F4-4545-92F8-F698E376E8F2}"
EndProject
Project("{FAE04EC0-301F-11D3-BF4B-00C04F79EFBC}") = "Day9", "Day9\Day9.csproj", "{2BE14B27-EF4E-4B59-A3A6-6B225BFD8051}"
EndProject
Global
	GlobalSection(SolutionConfigurationPlatforms) = preSolution
		Debug|Any CPU = Debug|Any CPU
		Release|Any CPU = Release|Any CPU
	EndGlobalSection
	GlobalSection(ProjectConfigurationPlatforms) = postSolution
		{FDA029EF-59C4-46A9-B05A-D95B4B3B6510}.Debug|Any CPU.ActiveCfg = Debug|Any CPU
		{FDA029EF-59C4-46A9-B05A-D95B4B3B6510}.Debug|Any CPU.Build.0 = Debug|Any CPU
		{FDA029EF-59C4-46A9-B05A-D95B4B3B6510}.Release|Any CPU.ActiveCfg = Release|Any CPU
		{FDA029EF-59C4-46A9-B05A-D95B4B3B6510}.Release|Any CPU.Build.0 = Release|Any CPU
		{BEC2D39F-5A61-440A-B2C4-765CA21AF871}.Debug|Any CPU.ActiveCfg = Debug|Any CPU
		{BEC2D39F-5A61-440A-B2C4-765CA21AF871}.Debug|Any CPU.Build.0 = Debug|Any CPU
		{BEC2D39F-5A61-440A-B2C4-765CA21AF871}.Release|Any CPU.ActiveCfg = Release|Any CPU
		{BEC2D39F-5A61-440A-B2C4-765CA21AF871}.Release|Any CPU.Build.0 = Release|Any CPU
		{DCC0AF9E-69B9-48C2-BBE0-1FD7D3B4F996}.Debug|Any CPU.ActiveCfg = Debug|Any CPU
		{DCC0AF9E-69B9-48C2-BBE0-1FD7D3B4F996}.Debug|Any CPU.Build.0 = Debug|Any CPU
		{DCC0AF9E-69B9-48C2-BBE0-1FD7D3B4F996}.Release|Any CPU.ActiveCfg = Release|Any CPU
		{DCC0AF9E-69B9-48C2-BBE0-1FD7D3B4F996}.Release|Any CPU.Build.0 = Release|Any CPU
		{A3E1742F-745A-4A3C-8AB2-A3D55C161B58}.Debug|Any CPU.ActiveCfg = Debug|Any CPU
		{A3E1742F-745A-4A3C-8AB2-A3D55C161B58}.Debug|Any CPU.Build.0 = Debug|Any CPU
		{A3E1742F-745A-4A3C-8AB2-A3D55C161B58}.Release|Any CPU.ActiveCfg = Release|Any CPU
		{A3E1742F-745A-4A3C-8AB2-A3D55C161B58}.Release|Any CPU.Build.0 = Release|Any CPU
		{2349810B-C231-4A41-8F1F-B1FA7D271376}.Debug|Any CPU.ActiveCfg = Debug|Any CPU
		{2349810B-C231-4A41-8F1F-B1FA7D271376}.Debug|Any CPU.Build.0 = Debug|Any CPU
		{2349810B-C231-4A41-8F1F-B1FA7D271376}.Release|Any CPU.ActiveCfg = Release|Any CPU
		{2349810B-C231-4A41-8F1F-B1FA7D271376}.Release|Any CPU.Build.0 = Release|Any CPU
		{20779C05-B3D5-4ACF-A0E2-DA81A260078E}.Debug|Any CPU.ActiveCfg = Debug|Any CPU
		{20779C05-B3D5-4ACF-A0E2-DA81A260078E}.Debug|Any CPU.Build.0 = Debug|Any CPU
		{20779C05-B3D5-4ACF-A0E2-DA81A260078E}.Release|Any CPU.ActiveCfg = Release|Any CPU
		{20779C05-B3D5-4ACF-A0E2-DA81A260078E}.Release|Any CPU.Build.0 = Release|Any CPU
		{EAEE4C2D-BF65-4AB2-9866-8C67DDAD5090}.Debug|Any CPU.ActiveCfg = Debug|Any CPU
		{EAEE4C2D-BF65-4AB2-9866-8C67DDAD5090}.Debug|Any CPU.Build.0 = Debug|Any CPU
		{EAEE4C2D-BF65-4AB2-9866-8C67DDAD5090}.Release|Any CPU.ActiveCfg = Release|Any CPU
		{EAEE4C2D-BF65-4AB2-9866-8C67DDAD5090}.Release|Any CPU.Build.0 = Release|Any CPU
		{257FDA4A-72CF-4756-B35A-90991E249269}.Debug|Any CPU.ActiveCfg = Debug|Any CPU
		{257FDA4A-72CF-4756-B35A-90991E249269}.Debug|Any CPU.Build.0 = Debug|Any CPU
		{257FDA4A-72CF-4756-B35A-90991E249269}.Release|Any CPU.ActiveCfg = Release|Any CPU
		{257FDA4A-72CF-4756-B35A-90991E249269}.Release|Any CPU.Build.0 = Release|Any CPU
		{F7FD2483-4F49-4136-B040-CF381FB42BD4}.Debug|Any CPU.ActiveCfg = Debug|Any CPU
		{F7FD2483-4F49-4136-B040-CF381FB42BD4}.Debug|Any CPU.Build.0 = Debug|Any CPU
		{F7FD2483-4F49-4136-B040-CF381FB42BD4}.Release|Any CPU.ActiveCfg = Release|Any CPU
		{F7FD2483-4F49-4136-B040-CF381FB42BD4}.Release|Any CPU.Build.0 = Release|Any CPU
		{81D79E31-762F-4D41-A80D-FF26BBC743EE}.Debug|Any CPU.ActiveCfg = Debug|Any CPU
		{81D79E31-762F-4D41-A80D-FF26BBC743EE}.Debug|Any CPU.Build.0 = Debug|Any CPU
		{81D79E31-762F-4D41-A80D-FF26BBC743EE}.Release|Any CPU.ActiveCfg = Release|Any CPU
		{81D79E31-762F-4D41-A80D-FF26BBC743EE}.Release|Any CPU.Build.0 = Release|Any CPU
		{CD6B28CC-F7F4-4545-92F8-F698E376E8F2}.Debug|Any CPU.ActiveCfg = Debug|Any CPU
		{CD6B28CC-F7F4-4545-92F8-F698E376E8F2}.Debug|Any CPU.Build.0 = Debug|Any CPU
		{CD6B28CC-F7F4-4545-92F8-F698E376E8F2}.Release|Any CPU.ActiveCfg = Release|Any CPU
		{CD6B28CC-F7F4-4545-92F8-F698E376E8F2}.Release|Any CPU.Build.0 = Release|Any CPU
		{2BE14B27-EF4E-4B59-A3A6-6B225BFD8051}.Debug|Any CPU.ActiveCfg = Debug|Any CPU
		{2BE14B27-EF4E-4B59-A3A6-6B225BFD8051}.Debug|Any CPU.Build.0 = Debug|Any CPU
		{2BE14B27-EF4E-4B59-A3A6-6B225BFD8051}.Release|Any CPU.ActiveCfg = Release|Any CPU
		{2BE14B27-EF4E-4B59-A3A6-6B225BFD8051}.Release|Any CPU.Build.0 = Release|Any CPU
	EndGlobalSection
	GlobalSection(SolutionProperties) = preSolution
		HideSolutionNode = FALSE
	EndGlobalSection
EndGlobal
